
Microsoft Visual Studio Solution File, Format Version 12.00
# Visual Studio Version 17
VisualStudioVersion = 17.0.31903.59
MinimumVisualStudioVersion = 10.0.40219.1
Project("{FAE04EC0-301F-11D3-BF4B-00C04F79EFBC}") = "Mofu", "Mofu\Mofu.csproj", "{4F1B51DA-6A85-4333-8410-80FE7D1EF569}"
EndProject
Project("{FAE04EC0-301F-11D3-BF4B-00C04F79EFBC}") = "Game", "Game\Game.csproj", "{DFB5DD00-1559-47A8-8560-44F9E702A79E}"
EndProject
Project("{FAE04EC0-301F-11D3-BF4B-00C04F79EFBC}") = "Mofu.Tests", "Mofu.Tests\Mofu.Tests.csproj", "{BC22EE05-3A1D-4EF8-8C2F-765395A25D59}"
	ProjectSection(ProjectDependencies) = postProject
		{4F1B51DA-6A85-4333-8410-80FE7D1EF569} = {4F1B51DA-6A85-4333-8410-80FE7D1EF569}
	EndProjectSection
EndProject
Global
	GlobalSection(SolutionConfigurationPlatforms) = preSolution
		Debug|Any CPU = Debug|Any CPU
		Release|Any CPU = Release|Any CPU
	EndGlobalSection
	GlobalSection(SolutionProperties) = preSolution
		HideSolutionNode = FALSE
	EndGlobalSection
	GlobalSection(ProjectConfigurationPlatforms) = postSolution
		{4F1B51DA-6A85-4333-8410-80FE7D1EF569}.Debug|Any CPU.ActiveCfg = Debug|Any CPU
		{4F1B51DA-6A85-4333-8410-80FE7D1EF569}.Debug|Any CPU.Build.0 = Debug|Any CPU
		{4F1B51DA-6A85-4333-8410-80FE7D1EF569}.Release|Any CPU.ActiveCfg = Release|Any CPU
		{4F1B51DA-6A85-4333-8410-80FE7D1EF569}.Release|Any CPU.Build.0 = Release|Any CPU
		{DFB5DD00-1559-47A8-8560-44F9E702A79E}.Debug|Any CPU.ActiveCfg = Debug|Any CPU
		{DFB5DD00-1559-47A8-8560-44F9E702A79E}.Debug|Any CPU.Build.0 = Debug|Any CPU
		{DFB5DD00-1559-47A8-8560-44F9E702A79E}.Release|Any CPU.ActiveCfg = Release|Any CPU
		{DFB5DD00-1559-47A8-8560-44F9E702A79E}.Release|Any CPU.Build.0 = Release|Any CPU
		{BC22EE05-3A1D-4EF8-8C2F-765395A25D59}.Debug|Any CPU.ActiveCfg = Debug|Any CPU
		{BC22EE05-3A1D-4EF8-8C2F-765395A25D59}.Debug|Any CPU.Build.0 = Debug|Any CPU
		{BC22EE05-3A1D-4EF8-8C2F-765395A25D59}.Release|Any CPU.ActiveCfg = Release|Any CPU
		{BC22EE05-3A1D-4EF8-8C2F-765395A25D59}.Release|Any CPU.Build.0 = Release|Any CPU
	EndGlobalSection
EndGlobal
